// !$*UTF8*$!
{
	archiveVersion = 1;
	classes = {
	};
	objectVersion = 50;
	objects = {

/* Begin PBXBuildFile section */
		98550697236074DD001B12BE /* AppDelegate.swift in Sources */ = {isa = PBXBuildFile; fileRef = 98550696236074DD001B12BE /* AppDelegate.swift */; };
		98550699236074DD001B12BE /* ProductController.swift in Sources */ = {isa = PBXBuildFile; fileRef = 98550698236074DD001B12BE /* ProductController.swift */; };
		9855069C236074DD001B12BE /* Main.storyboard in Resources */ = {isa = PBXBuildFile; fileRef = 9855069A236074DD001B12BE /* Main.storyboard */; };
		9855069F236074DD001B12BE /* ProductList.xcdatamodeld in Sources */ = {isa = PBXBuildFile; fileRef = 9855069D236074DD001B12BE /* ProductList.xcdatamodeld */; };
		985506A1236074E0001B12BE /* Assets.xcassets in Resources */ = {isa = PBXBuildFile; fileRef = 985506A0236074E0001B12BE /* Assets.xcassets */; };
		985506A4236074E0001B12BE /* LaunchScreen.storyboard in Resources */ = {isa = PBXBuildFile; fileRef = 985506A2236074E0001B12BE /* LaunchScreen.storyboard */; };
		985506AF236074E0001B12BE /* ProductListTests.swift in Sources */ = {isa = PBXBuildFile; fileRef = 985506AE236074E0001B12BE /* ProductListTests.swift */; };
		985506BA236074E0001B12BE /* ProductListUITests.swift in Sources */ = {isa = PBXBuildFile; fileRef = 985506B9236074E0001B12BE /* ProductListUITests.swift */; };
		985506C82360791D001B12BE /* ProductCell.swift in Sources */ = {isa = PBXBuildFile; fileRef = 985506C72360791D001B12BE /* ProductCell.swift */; };
		985506CA23607DD3001B12BE /* Product.swift in Sources */ = {isa = PBXBuildFile; fileRef = 985506C923607DD3001B12BE /* Product.swift */; };
		985506D723662C1D001B12BE /* ProductDetailController.swift in Sources */ = {isa = PBXBuildFile; fileRef = 985506D623662C1D001B12BE /* ProductDetailController.swift */; };
/* End PBXBuildFile section */

/* Begin PBXContainerItemProxy section */
		985506AB236074E0001B12BE /* PBXContainerItemProxy */ = {
			isa = PBXContainerItemProxy;
			containerPortal = 9855068B236074DD001B12BE /* Project object */;
			proxyType = 1;
			remoteGlobalIDString = 98550692236074DD001B12BE;
			remoteInfo = ProductList;
		};
		985506B6236074E0001B12BE /* PBXContainerItemProxy */ = {
			isa = PBXContainerItemProxy;
			containerPortal = 9855068B236074DD001B12BE /* Project object */;
			proxyType = 1;
			remoteGlobalIDString = 98550692236074DD001B12BE;
			remoteInfo = ProductList;
		};
/* End PBXContainerItemProxy section */

/* Begin PBXFileReference section */
		98550693236074DD001B12BE /* ProductList.app */ = {isa = PBXFileReference; explicitFileType = wrapper.application; includeInIndex = 0; path = ProductList.app; sourceTree = BUILT_PRODUCTS_DIR; };
		98550696236074DD001B12BE /* AppDelegate.swift */ = {isa = PBXFileReference; lastKnownFileType = sourcecode.swift; path = AppDelegate.swift; sourceTree = "<group>"; };
		98550698236074DD001B12BE /* ProductController.swift */ = {isa = PBXFileReference; lastKnownFileType = sourcecode.swift; path = ProductController.swift; sourceTree = "<group>"; };
		9855069B236074DD001B12BE /* Base */ = {isa = PBXFileReference; lastKnownFileType = file.storyboard; name = Base; path = Base.lproj/Main.storyboard; sourceTree = "<group>"; };
		9855069E236074DD001B12BE /* ProductList.xcdatamodel */ = {isa = PBXFileReference; lastKnownFileType = wrapper.xcdatamodel; path = ProductList.xcdatamodel; sourceTree = "<group>"; };
		985506A0236074E0001B12BE /* Assets.xcassets */ = {isa = PBXFileReference; lastKnownFileType = folder.assetcatalog; path = Assets.xcassets; sourceTree = "<group>"; };
		985506A3236074E0001B12BE /* Base */ = {isa = PBXFileReference; lastKnownFileType = file.storyboard; name = Base; path = Base.lproj/LaunchScreen.storyboard; sourceTree = "<group>"; };
		985506A5236074E0001B12BE /* Info.plist */ = {isa = PBXFileReference; lastKnownFileType = text.plist.xml; path = Info.plist; sourceTree = "<group>"; };
		985506AA236074E0001B12BE /* ProductListTests.xctest */ = {isa = PBXFileReference; explicitFileType = wrapper.cfbundle; includeInIndex = 0; path = ProductListTests.xctest; sourceTree = BUILT_PRODUCTS_DIR; };
		985506AE236074E0001B12BE /* ProductListTests.swift */ = {isa = PBXFileReference; lastKnownFileType = sourcecode.swift; path = ProductListTests.swift; sourceTree = "<group>"; };
		985506B0236074E0001B12BE /* Info.plist */ = {isa = PBXFileReference; lastKnownFileType = text.plist.xml; path = Info.plist; sourceTree = "<group>"; };
		985506B5236074E0001B12BE /* ProductListUITests.xctest */ = {isa = PBXFileReference; explicitFileType = wrapper.cfbundle; includeInIndex = 0; path = ProductListUITests.xctest; sourceTree = BUILT_PRODUCTS_DIR; };
		985506B9236074E0001B12BE /* ProductListUITests.swift */ = {isa = PBXFileReference; lastKnownFileType = sourcecode.swift; path = ProductListUITests.swift; sourceTree = "<group>"; };
		985506BB236074E0001B12BE /* Info.plist */ = {isa = PBXFileReference; lastKnownFileType = text.plist.xml; path = Info.plist; sourceTree = "<group>"; };
		985506C72360791D001B12BE /* ProductCell.swift */ = {isa = PBXFileReference; lastKnownFileType = sourcecode.swift; path = ProductCell.swift; sourceTree = "<group>"; };
		985506C923607DD3001B12BE /* Product.swift */ = {isa = PBXFileReference; lastKnownFileType = sourcecode.swift; path = Product.swift; sourceTree = "<group>"; };
		985506D623662C1D001B12BE /* ProductDetailController.swift */ = {isa = PBXFileReference; lastKnownFileType = sourcecode.swift; path = ProductDetailController.swift; sourceTree = "<group>"; };
/* End PBXFileReference section */

/* Begin PBXFrameworksBuildPhase section */
		98550690236074DD001B12BE /* Frameworks */ = {
			isa = PBXFrameworksBuildPhase;
			buildActionMask = 2147483647;
			files = (
			);
			runOnlyForDeploymentPostprocessing = 0;
		};
		985506A7236074E0001B12BE /* Frameworks */ = {
			isa = PBXFrameworksBuildPhase;
			buildActionMask = 2147483647;
			files = (
			);
			runOnlyForDeploymentPostprocessing = 0;
		};
		985506B2236074E0001B12BE /* Frameworks */ = {
			isa = PBXFrameworksBuildPhase;
			buildActionMask = 2147483647;
			files = (
			);
			runOnlyForDeploymentPostprocessing = 0;
		};
/* End PBXFrameworksBuildPhase section */

/* Begin PBXGroup section */
		9855068A236074DD001B12BE = {
			isa = PBXGroup;
			children = (
				98550695236074DD001B12BE /* ProductList */,
				985506AD236074E0001B12BE /* ProductListTests */,
				985506B8236074E0001B12BE /* ProductListUITests */,
				98550694236074DD001B12BE /* Products */,
			);
			sourceTree = "<group>";
		};
		98550694236074DD001B12BE /* Products */ = {
			isa = PBXGroup;
			children = (
				98550693236074DD001B12BE /* ProductList.app */,
				985506AA236074E0001B12BE /* ProductListTests.xctest */,
				985506B5236074E0001B12BE /* ProductListUITests.xctest */,
			);
			name = Products;
			sourceTree = "<group>";
		};
		98550695236074DD001B12BE /* ProductList */ = {
			isa = PBXGroup;
			children = (
				98550696236074DD001B12BE /* AppDelegate.swift */,
				985506D4236626E2001B12BE /* Controllers */,
				985506D3236626D2001B12BE /* Models */,
				985506D523662854001B12BE /* Views */,
				9855069A236074DD001B12BE /* Main.storyboard */,
				985506A0236074E0001B12BE /* Assets.xcassets */,
				985506A2236074E0001B12BE /* LaunchScreen.storyboard */,
				985506A5236074E0001B12BE /* Info.plist */,
				9855069D236074DD001B12BE /* ProductList.xcdatamodeld */,
			);
			path = ProductList;
			sourceTree = "<group>";
		};
		985506AD236074E0001B12BE /* ProductListTests */ = {
			isa = PBXGroup;
			children = (
				985506AE236074E0001B12BE /* ProductListTests.swift */,
				985506B0236074E0001B12BE /* Info.plist */,
			);
			path = ProductListTests;
			sourceTree = "<group>";
		};
		985506B8236074E0001B12BE /* ProductListUITests */ = {
			isa = PBXGroup;
			children = (
				985506B9236074E0001B12BE /* ProductListUITests.swift */,
				985506BB236074E0001B12BE /* Info.plist */,
			);
			path = ProductListUITests;
			sourceTree = "<group>";
		};
		985506D3236626D2001B12BE /* Models */ = {
			isa = PBXGroup;
			children = (
				985506C923607DD3001B12BE /* Product.swift */,
			);
			path = Models;
			sourceTree = "<group>";
		};
		985506D4236626E2001B12BE /* Controllers */ = {
			isa = PBXGroup;
			children = (
				98550698236074DD001B12BE /* ProductController.swift */,
				985506D623662C1D001B12BE /* ProductDetailController.swift */,
			);
			path = Controllers;
			sourceTree = "<group>";
		};
		985506D523662854001B12BE /* Views */ = {
			isa = PBXGroup;
			children = (
				985506C72360791D001B12BE /* ProductCell.swift */,
			);
			path = Views;
			sourceTree = "<group>";
		};
/* End PBXGroup section */

/* Begin PBXNativeTarget section */
		98550692236074DD001B12BE /* ProductList */ = {
			isa = PBXNativeTarget;
			buildConfigurationList = 985506BE236074E0001B12BE /* Build configuration list for PBXNativeTarget "ProductList" */;
			buildPhases = (
				9855068F236074DD001B12BE /* Sources */,
				98550690236074DD001B12BE /* Frameworks */,
				98550691236074DD001B12BE /* Resources */,
			);
			buildRules = (
			);
			dependencies = (
			);
			name = ProductList;
			productName = ProductList;
			productReference = 98550693236074DD001B12BE /* ProductList.app */;
			productType = "com.apple.product-type.application";
		};
		985506A9236074E0001B12BE /* ProductListTests */ = {
			isa = PBXNativeTarget;
			buildConfigurationList = 985506C1236074E0001B12BE /* Build configuration list for PBXNativeTarget "ProductListTests" */;
			buildPhases = (
				985506A6236074E0001B12BE /* Sources */,
				985506A7236074E0001B12BE /* Frameworks */,
				985506A8236074E0001B12BE /* Resources */,
			);
			buildRules = (
			);
			dependencies = (
				985506AC236074E0001B12BE /* PBXTargetDependency */,
			);
			name = ProductListTests;
			productName = ProductListTests;
			productReference = 985506AA236074E0001B12BE /* ProductListTests.xctest */;
			productType = "com.apple.product-type.bundle.unit-test";
		};
		985506B4236074E0001B12BE /* ProductListUITests */ = {
			isa = PBXNativeTarget;
			buildConfigurationList = 985506C4236074E0001B12BE /* Build configuration list for PBXNativeTarget "ProductListUITests" */;
			buildPhases = (
				985506B1236074E0001B12BE /* Sources */,
				985506B2236074E0001B12BE /* Frameworks */,
				985506B3236074E0001B12BE /* Resources */,
			);
			buildRules = (
			);
			dependencies = (
				985506B7236074E0001B12BE /* PBXTargetDependency */,
			);
			name = ProductListUITests;
			productName = ProductListUITests;
			productReference = 985506B5236074E0001B12BE /* ProductListUITests.xctest */;
			productType = "com.apple.product-type.bundle.ui-testing";
		};
/* End PBXNativeTarget section */

/* Begin PBXProject section */
		9855068B236074DD001B12BE /* Project object */ = {
			isa = PBXProject;
			attributes = {
				LastSwiftUpdateCheck = 1020;
				LastUpgradeCheck = 1020;
				ORGANIZATIONNAME = "Greg Alton";
				TargetAttributes = {
					98550692236074DD001B12BE = {
						CreatedOnToolsVersion = 10.2.1;
					};
					985506A9236074E0001B12BE = {
						CreatedOnToolsVersion = 10.2.1;
						TestTargetID = 98550692236074DD001B12BE;
					};
					985506B4236074E0001B12BE = {
						CreatedOnToolsVersion = 10.2.1;
						TestTargetID = 98550692236074DD001B12BE;
					};
				};
			};
			buildConfigurationList = 9855068E236074DD001B12BE /* Build configuration list for PBXProject "ProductList" */;
			compatibilityVersion = "Xcode 9.3";
			developmentRegion = en;
			hasScannedForEncodings = 0;
			knownRegions = (
				en,
				Base,
			);
			mainGroup = 9855068A236074DD001B12BE;
			productRefGroup = 98550694236074DD001B12BE /* Products */;
			projectDirPath = "";
			projectRoot = "";
			targets = (
				98550692236074DD001B12BE /* ProductList */,
				985506A9236074E0001B12BE /* ProductListTests */,
				985506B4236074E0001B12BE /* ProductListUITests */,
			);
		};
/* End PBXProject section */

/* Begin PBXResourcesBuildPhase section */
		98550691236074DD001B12BE /* Resources */ = {
			isa = PBXResourcesBuildPhase;
			buildActionMask = 2147483647;
			files = (
				985506A4236074E0001B12BE /* LaunchScreen.storyboard in Resources */,
				985506A1236074E0001B12BE /* Assets.xcassets in Resources */,
				9855069C236074DD001B12BE /* Main.storyboard in Resources */,
			);
			runOnlyForDeploymentPostprocessing = 0;
		};
		985506A8236074E0001B12BE /* Resources */ = {
			isa = PBXResourcesBuildPhase;
			buildActionMask = 2147483647;
			files = (
			);
			runOnlyForDeploymentPostprocessing = 0;
		};
		985506B3236074E0001B12BE /* Resources */ = {
			isa = PBXResourcesBuildPhase;
			buildActionMask = 2147483647;
			files = (
			);
			runOnlyForDeploymentPostprocessing = 0;
		};
/* End PBXResourcesBuildPhase section */

/* Begin PBXSourcesBuildPhase section */
		9855068F236074DD001B12BE /* Sources */ = {
			isa = PBXSourcesBuildPhase;
			buildActionMask = 2147483647;
			files = (
				98550699236074DD001B12BE /* ProductController.swift in Sources */,
				985506C82360791D001B12BE /* ProductCell.swift in Sources */,
				985506CA23607DD3001B12BE /* Product.swift in Sources */,
				98550697236074DD001B12BE /* AppDelegate.swift in Sources */,
				9855069F236074DD001B12BE /* ProductList.xcdatamodeld in Sources */,
				985506D723662C1D001B12BE /* ProductDetailController.swift in Sources */,
			);
			runOnlyForDeploymentPostprocessing = 0;
		};
		985506A6236074E0001B12BE /* Sources */ = {
			isa = PBXSourcesBuildPhase;
			buildActionMask = 2147483647;
			files = (
				985506AF236074E0001B12BE /* ProductListTests.swift in Sources */,
			);
			runOnlyForDeploymentPostprocessing = 0;
		};
		985506B1236074E0001B12BE /* Sources */ = {
			isa = PBXSourcesBuildPhase;
			buildActionMask = 2147483647;
			files = (
				985506BA236074E0001B12BE /* ProductListUITests.swift in Sources */,
			);
			runOnlyForDeploymentPostprocessing = 0;
		};
/* End PBXSourcesBuildPhase section */

/* Begin PBXTargetDependency section */
		985506AC236074E0001B12BE /* PBXTargetDependency */ = {
			isa = PBXTargetDependency;
			target = 98550692236074DD001B12BE /* ProductList */;
			targetProxy = 985506AB236074E0001B12BE /* PBXContainerItemProxy */;
		};
		985506B7236074E0001B12BE /* PBXTargetDependency */ = {
			isa = PBXTargetDependency;
			target = 98550692236074DD001B12BE /* ProductList */;
			targetProxy = 985506B6236074E0001B12BE /* PBXContainerItemProxy */;
		};
/* End PBXTargetDependency section */

/* Begin PBXVariantGroup section */
		9855069A236074DD001B12BE /* Main.storyboard */ = {
			isa = PBXVariantGroup;
			children = (
				9855069B236074DD001B12BE /* Base */,
			);
			name = Main.storyboard;
			sourceTree = "<group>";
		};
		985506A2236074E0001B12BE /* LaunchScreen.storyboard */ = {
			isa = PBXVariantGroup;
			children = (
				985506A3236074E0001B12BE /* Base */,
			);
			name = LaunchScreen.storyboard;
			sourceTree = "<group>";
		};
/* End PBXVariantGroup section */

/* Begin XCBuildConfiguration section */
		985506BC236074E0001B12BE /* Debug */ = {
			isa = XCBuildConfiguration;
			buildSettings = {
				ALWAYS_SEARCH_USER_PATHS = NO;
				CLANG_ANALYZER_NONNULL = YES;
				CLANG_ANALYZER_NUMBER_OBJECT_CONVERSION = YES_AGGRESSIVE;
				CLANG_CXX_LANGUAGE_STANDARD = "gnu++14";
				CLANG_CXX_LIBRARY = "libc++";
				CLANG_ENABLE_MODULES = YES;
				CLANG_ENABLE_OBJC_ARC = YES;
				CLANG_ENABLE_OBJC_WEAK = YES;
				CLANG_WARN_BLOCK_CAPTURE_AUTORELEASING = YES;
				CLANG_WARN_BOOL_CONVERSION = YES;
				CLANG_WARN_COMMA = YES;
				CLANG_WARN_CONSTANT_CONVERSION = YES;
				CLANG_WARN_DEPRECATED_OBJC_IMPLEMENTATIONS = YES;
				CLANG_WARN_DIRECT_OBJC_ISA_USAGE = YES_ERROR;
				CLANG_WARN_DOCUMENTATION_COMMENTS = YES;
				CLANG_WARN_EMPTY_BODY = YES;
				CLANG_WARN_ENUM_CONVERSION = YES;
				CLANG_WARN_INFINITE_RECURSION = YES;
				CLANG_WARN_INT_CONVERSION = YES;
				CLANG_WARN_NON_LITERAL_NULL_CONVERSION = YES;
				CLANG_WARN_OBJC_IMPLICIT_RETAIN_SELF = YES;
				CLANG_WARN_OBJC_LITERAL_CONVERSION = YES;
				CLANG_WARN_OBJC_ROOT_CLASS = YES_ERROR;
				CLANG_WARN_RANGE_LOOP_ANALYSIS = YES;
				CLANG_WARN_STRICT_PROTOTYPES = YES;
				CLANG_WARN_SUSPICIOUS_MOVE = YES;
				CLANG_WARN_UNGUARDED_AVAILABILITY = YES_AGGRESSIVE;
				CLANG_WARN_UNREACHABLE_CODE = YES;
				CLANG_WARN__DUPLICATE_METHOD_MATCH = YES;
				CODE_SIGN_IDENTITY = "iPhone Developer";
				COPY_PHASE_STRIP = NO;
				DEBUG_INFORMATION_FORMAT = dwarf;
				ENABLE_STRICT_OBJC_MSGSEND = YES;
				ENABLE_TESTABILITY = YES;
				GCC_C_LANGUAGE_STANDARD = gnu11;
				GCC_DYNAMIC_NO_PIC = NO;
				GCC_NO_COMMON_BLOCKS = YES;
				GCC_OPTIMIZATION_LEVEL = 0;
				GCC_PREPROCESSOR_DEFINITIONS = (
					"DEBUG=1",
					"$(inherited)",
				);
				GCC_WARN_64_TO_32_BIT_CONVERSION = YES;
				GCC_WARN_ABOUT_RETURN_TYPE = YES_ERROR;
				GCC_WARN_UNDECLARED_SELECTOR = YES;
				GCC_WARN_UNINITIALIZED_AUTOS = YES_AGGRESSIVE;
				GCC_WARN_UNUSED_FUNCTION = YES;
				GCC_WARN_UNUSED_VARIABLE = YES;
				IPHONEOS_DEPLOYMENT_TARGET = 12.2;
				MTL_ENABLE_DEBUG_INFO = INCLUDE_SOURCE;
				MTL_FAST_MATH = YES;
				ONLY_ACTIVE_ARCH = YES;
				SDKROOT = iphoneos;
				SWIFT_ACTIVE_COMPILATION_CONDITIONS = DEBUG;
				SWIFT_OPTIMIZATION_LEVEL = "-Onone";
			};
			name = Debug;
		};
		985506BD236074E0001B12BE /* Release */ = {
			isa = XCBuildConfiguration;
			buildSettings = {
				ALWAYS_SEARCH_USER_PATHS = NO;
				CLANG_ANALYZER_NONNULL = YES;
				CLANG_ANALYZER_NUMBER_OBJECT_CONVERSION = YES_AGGRESSIVE;
				CLANG_CXX_LANGUAGE_STANDARD = "gnu++14";
				CLANG_CXX_LIBRARY = "libc++";
				CLANG_ENABLE_MODULES = YES;
				CLANG_ENABLE_OBJC_ARC = YES;
				CLANG_ENABLE_OBJC_WEAK = YES;
				CLANG_WARN_BLOCK_CAPTURE_AUTORELEASING = YES;
				CLANG_WARN_BOOL_CONVERSION = YES;
				CLANG_WARN_COMMA = YES;
				CLANG_WARN_CONSTANT_CONVERSION = YES;
				CLANG_WARN_DEPRECATED_OBJC_IMPLEMENTATIONS = YES;
				CLANG_WARN_DIRECT_OBJC_ISA_USAGE = YES_ERROR;
				CLANG_WARN_DOCUMENTATION_COMMENTS = YES;
				CLANG_WARN_EMPTY_BODY = YES;
				CLANG_WARN_ENUM_CONVERSION = YES;
				CLANG_WARN_INFINITE_RECURSION = YES;
				CLANG_WARN_INT_CONVERSION = YES;
				CLANG_WARN_NON_LITERAL_NULL_CONVERSION = YES;
				CLANG_WARN_OBJC_IMPLICIT_RETAIN_SELF = YES;
				CLANG_WARN_OBJC_LITERAL_CONVERSION = YES;
				CLANG_WARN_OBJC_ROOT_CLASS = YES_ERROR;
				CLANG_WARN_RANGE_LOOP_ANALYSIS = YES;
				CLANG_WARN_STRICT_PROTOTYPES = YES;
				CLANG_WARN_SUSPICIOUS_MOVE = YES;
				CLANG_WARN_UNGUARDED_AVAILABILITY = YES_AGGRESSIVE;
				CLANG_WARN_UNREACHABLE_CODE = YES;
				CLANG_WARN__DUPLICATE_METHOD_MATCH = YES;
				CODE_SIGN_IDENTITY = "iPhone Developer";
				COPY_PHASE_STRIP = NO;
				DEBUG_INFORMATION_FORMAT = "dwarf-with-dsym";
				ENABLE_NS_ASSERTIONS = NO;
				ENABLE_STRICT_OBJC_MSGSEND = YES;
				GCC_C_LANGUAGE_STANDARD = gnu11;
				GCC_NO_COMMON_BLOCKS = YES;
				GCC_WARN_64_TO_32_BIT_CONVERSION = YES;
				GCC_WARN_ABOUT_RETURN_TYPE = YES_ERROR;
				GCC_WARN_UNDECLARED_SELECTOR = YES;
				GCC_WARN_UNINITIALIZED_AUTOS = YES_AGGRESSIVE;
				GCC_WARN_UNUSED_FUNCTION = YES;
				GCC_WARN_UNUSED_VARIABLE = YES;
				IPHONEOS_DEPLOYMENT_TARGET = 12.2;
				MTL_ENABLE_DEBUG_INFO = NO;
				MTL_FAST_MATH = YES;
				SDKROOT = iphoneos;
				SWIFT_COMPILATION_MODE = wholemodule;
				SWIFT_OPTIMIZATION_LEVEL = "-O";
				VALIDATE_PRODUCT = YES;
			};
			name = Release;
		};
		985506BF236074E0001B12BE /* Debug */ = {
			isa = XCBuildConfiguration;
			buildSettings = {
				ASSETCATALOG_COMPILER_APPICON_NAME = AppIcon;
				CODE_SIGN_STYLE = Automatic;
				DEVELOPMENT_TEAM = 3DRYSXRY2F;
				INFOPLIST_FILE = ProductList/Info.plist;
				LD_RUNPATH_SEARCH_PATHS = (
					"$(inherited)",
					"@executable_path/Frameworks",
				);
				PRODUCT_BUNDLE_IDENTIFIER = com.marketingmeody.ProductList;
				PRODUCT_NAME = "$(TARGET_NAME)";
				SWIFT_VERSION = 5.0;
				TARGETED_DEVICE_FAMILY = "1,2";
			};
			name = Debug;
		};
		985506C0236074E0001B12BE /* Release */ = {
			isa = XCBuildConfiguration;
			buildSettings = {
				ASSETCATALOG_COMPILER_APPICON_NAME = AppIcon;
				CODE_SIGN_STYLE = Automatic;
				DEVELOPMENT_TEAM = 3DRYSXRY2F;
				INFOPLIST_FILE = ProductList/Info.plist;
				LD_RUNPATH_SEARCH_PATHS = (
					"$(inherited)",
					"@executable_path/Frameworks",
				);
				PRODUCT_BUNDLE_IDENTIFIER = com.marketingmeody.ProductList;
				PRODUCT_NAME = "$(TARGET_NAME)";
				SWIFT_VERSION = 5.0;
				TARGETED_DEVICE_FAMILY = "1,2";
			};
			name = Release;
		};
		985506C2236074E0001B12BE /* Debug */ = {
			isa = XCBuildConfiguration;
			buildSettings = {
				ALWAYS_EMBED_SWIFT_STANDARD_LIBRARIES = YES;
				BUNDLE_LOADER = "$(TEST_HOST)";
				CODE_SIGN_STYLE = Automatic;
				DEVELOPMENT_TEAM = 3DRYSXRY2F;
				INFOPLIST_FILE = ProductListTests/Info.plist;
				LD_RUNPATH_SEARCH_PATHS = (
					"$(inherited)",
					"@executable_path/Frameworks",
					"@loader_path/Frameworks",
				);
				PRODUCT_BUNDLE_IDENTIFIER = com.marketingmeody.ProductListTests;
				PRODUCT_NAME = "$(TARGET_NAME)";
				SWIFT_VERSION = 5.0;
				TARGETED_DEVICE_FAMILY = "1,2";
				TEST_HOST = "$(BUILT_PRODUCTS_DIR)/ProductList.app/ProductList";
			};
			name = Debug;
		};
		985506C3236074E0001B12BE /* Release */ = {
			isa = XCBuildConfiguration;
			buildSettings = {
				ALWAYS_EMBED_SWIFT_STANDARD_LIBRARIES = YES;
				BUNDLE_LOADER = "$(TEST_HOST)";
				CODE_SIGN_STYLE = Automatic;
				DEVELOPMENT_TEAM = 3DRYSXRY2F;
				INFOPLIST_FILE = ProductListTests/Info.plist;
				LD_RUNPATH_SEARCH_PATHS = (
					"$(inherited)",
					"@executable_path/Frameworks",
					"@loader_path/Frameworks",
				);
				PRODUCT_BUNDLE_IDENTIFIER = com.marketingmeody.ProductListTests;
				PRODUCT_NAME = "$(TARGET_NAME)";
				SWIFT_VERSION = 5.0;
				TARGETED_DEVICE_FAMILY = "1,2";
				TEST_HOST = "$(BUILT_PRODUCTS_DIR)/ProductList.app/ProductList";
			};
			name = Release;
		};
		985506C5236074E0001B12BE /* Debug */ = {
			isa = XCBuildConfiguration;
			buildSettings = {
				ALWAYS_EMBED_SWIFT_STANDARD_LIBRARIES = YES;
				CODE_SIGN_STYLE = Automatic;
				DEVELOPMENT_TEAM = 3DRYSXRY2F;
				INFOPLIST_FILE = ProductListUITests/Info.plist;
				LD_RUNPATH_SEARCH_PATHS = (
					"$(inherited)",
					"@executable_path/Frameworks",
					"@loader_path/Frameworks",
				);
				PRODUCT_BUNDLE_IDENTIFIER = com.marketingmeody.ProductListUITests;
				PRODUCT_NAME = "$(TARGET_NAME)";
				SWIFT_VERSION = 5.0;
				TARGETED_DEVICE_FAMILY = "1,2";
				TEST_TARGET_NAME = ProductList;
			};
			name = Debug;
		};
		985506C6236074E0001B12BE /* Release */ = {
			isa = XCBuildConfiguration;
			buildSettings = {
				ALWAYS_EMBED_SWIFT_STANDARD_LIBRARIES = YES;
				CODE_SIGN_STYLE = Automatic;
				DEVELOPMENT_TEAM = 3DRYSXRY2F;
				INFOPLIST_FILE = ProductListUITests/Info.plist;
				LD_RUNPATH_SEARCH_PATHS = (
					"$(inherited)",
					"@executable_path/Frameworks",
					"@loader_path/Frameworks",
				);
				PRODUCT_BUNDLE_IDENTIFIER = com.marketingmeody.ProductListUITests;
				PRODUCT_NAME = "$(TARGET_NAME)";
				SWIFT_VERSION = 5.0;
				TARGETED_DEVICE_FAMILY = "1,2";
				TEST_TARGET_NAME = ProductList;
			};
			name = Release;
		};
/* End XCBuildConfiguration section */

/* Begin XCConfigurationList section */
		9855068E236074DD001B12BE /* Build configuration list for PBXProject "ProductList" */ = {
			isa = XCConfigurationList;
			buildConfigurations = (
				985506BC236074E0001B12BE /* Debug */,
				985506BD236074E0001B12BE /* Release */,
			);
			defaultConfigurationIsVisible = 0;
			defaultConfigurationName = Release;
		};
		985506BE236074E0001B12BE /* Build configuration list for PBXNativeTarget "ProductList" */ = {
			isa = XCConfigurationList;
			buildConfigurations = (
				985506BF236074E0001B12BE /* Debug */,
				985506C0236074E0001B12BE /* Release */,
			);
			defaultConfigurationIsVisible = 0;
			defaultConfigurationName = Release;
		};
		985506C1236074E0001B12BE /* Build configuration list for PBXNativeTarget "ProductListTests" */ = {
			isa = XCConfigurationList;
			buildConfigurations = (
				985506C2236074E0001B12BE /* Debug */,
				985506C3236074E0001B12BE /* Release */,
			);
			defaultConfigurationIsVisible = 0;
			defaultConfigurationName = Release;
		};
		985506C4236074E0001B12BE /* Build configuration list for PBXNativeTarget "ProductListUITests" */ = {
			isa = XCConfigurationList;
			buildConfigurations = (
				985506C5236074E0001B12BE /* Debug */,
				985506C6236074E0001B12BE /* Release */,
			);
			defaultConfigurationIsVisible = 0;
			defaultConfigurationName = Release;
		};
/* End XCConfigurationList section */

/* Begin XCVersionGroup section */
		9855069D236074DD001B12BE /* ProductList.xcdatamodeld */ = {
			isa = XCVersionGroup;
			children = (
				9855069E236074DD001B12BE /* ProductList.xcdatamodel */,
			);
			currentVersion = 9855069E236074DD001B12BE /* ProductList.xcdatamodel */;
			path = ProductList.xcdatamodeld;
			sourceTree = "<group>";
			versionGroupType = wrapper.xcdatamodel;
		};
/* End XCVersionGroup section */
	};
	rootObject = 9855068B236074DD001B12BE /* Project object */;
}
